
Microsoft Visual Studio Solution File, Format Version 12.00
Project("{FAE04EC0-301F-11D3-BF4B-00C04F79EFBC}") = "BefungeInterpreter", "BefungeInterpreter\BefungeInterpreter.csproj", "{1F98B26E-39F9-4C7F-B59E-45581C1A7807}"
EndProject
Project("{FAE04EC0-301F-11D3-BF4B-00C04F79EFBC}") = "InterpreterTests", "InterpreterTests\InterpreterTests.csproj", "{19502C3A-574B-45D8-A9E1-D5467C6662A8}"
EndProject
Global
	GlobalSection(SolutionConfigurationPlatforms) = preSolution
		Debug|Any CPU = Debug|Any CPU
		Release|Any CPU = Release|Any CPU
	EndGlobalSection
	GlobalSection(ProjectConfigurationPlatforms) = postSolution
		{1F98B26E-39F9-4C7F-B59E-45581C1A7807}.Debug|Any CPU.ActiveCfg = Debug|Any CPU
		{1F98B26E-39F9-4C7F-B59E-45581C1A7807}.Debug|Any CPU.Build.0 = Debug|Any CPU
		{1F98B26E-39F9-4C7F-B59E-45581C1A7807}.Release|Any CPU.ActiveCfg = Release|Any CPU
		{1F98B26E-39F9-4C7F-B59E-45581C1A7807}.Release|Any CPU.Build.0 = Release|Any CPU
		{19502C3A-574B-45D8-A9E1-D5467C6662A8}.Debug|Any CPU.ActiveCfg = Debug|Any CPU
		{19502C3A-574B-45D8-A9E1-D5467C6662A8}.Debug|Any CPU.Build.0 = Debug|Any CPU
		{19502C3A-574B-45D8-A9E1-D5467C6662A8}.Release|Any CPU.ActiveCfg = Release|Any CPU
		{19502C3A-574B-45D8-A9E1-D5467C6662A8}.Release|Any CPU.Build.0 = Release|Any CPU
	EndGlobalSection
EndGlobal
